
Microsoft Visual Studio Solution File, Format Version 12.00
# Visual Studio 14
VisualStudioVersion = 14.0.25420.1
MinimumVisualStudioVersion = 10.0.40219.1
Project("{FAE04EC0-301F-11D3-BF4B-00C04F79EFBC}") = "PETHOTEL", "PETHOTEL\PETHOTEL.csproj", "{BF7DA012-8ECD-4F04-B10B-87C09A39BABD}"
EndProject
Global
	GlobalSection(SolutionConfigurationPlatforms) = preSolution
		Debug|Any CPU = Debug|Any CPU
		Release|Any CPU = Release|Any CPU
	EndGlobalSection
	GlobalSection(ProjectConfigurationPlatforms) = postSolution
		{BF7DA012-8ECD-4F04-B10B-87C09A39BABD}.Debug|Any CPU.ActiveCfg = Debug|Any CPU
		{BF7DA012-8ECD-4F04-B10B-87C09A39BABD}.Debug|Any CPU.Build.0 = Debug|Any CPU
		{BF7DA012-8ECD-4F04-B10B-87C09A39BABD}.Release|Any CPU.ActiveCfg = Release|Any CPU
		{BF7DA012-8ECD-4F04-B10B-87C09A39BABD}.Release|Any CPU.Build.0 = Release|Any CPU
	EndGlobalSection
	GlobalSection(SolutionProperties) = preSolution
		HideSolutionNode = FALSE
	EndGlobalSection
	GlobalSection(ExtensibilityGlobals) = postSolution
		SolutionGuid = {F95B6B18-11F2-4AE2-AEE7-A19343D2EF09}
	EndGlobalSection
EndGlobal
